
Microsoft Visual Studio Solution File, Format Version 12.00
# Visual Studio 15
VisualStudioVersion = 15.0.27428.1
MinimumVisualStudioVersion = 10.0.40219.1
Project("{9092AA53-FB77-4645-B42D-1CCCA6BD08BD}") = "NodejsConsoleApp1", "NodejsConsoleApp1\NodejsConsoleApp1.njsproj", "{D5A6B326-889C-4BF4-A686-402BD4E9EA32}"
EndProject
Global
	GlobalSection(SolutionConfigurationPlatforms) = preSolution
		Debug|Any CPU = Debug|Any CPU
		Release|Any CPU = Release|Any CPU
	EndGlobalSection
	GlobalSection(ProjectConfigurationPlatforms) = postSolution
		{D5A6B326-889C-4BF4-A686-402BD4E9EA32}.Debug|Any CPU.ActiveCfg = Debug|Any CPU
		{D5A6B326-889C-4BF4-A686-402BD4E9EA32}.Debug|Any CPU.Build.0 = Debug|Any CPU
		{D5A6B326-889C-4BF4-A686-402BD4E9EA32}.Release|Any CPU.ActiveCfg = Release|Any CPU
		{D5A6B326-889C-4BF4-A686-402BD4E9EA32}.Release|Any CPU.Build.0 = Release|Any CPU
	EndGlobalSection
	GlobalSection(SolutionProperties) = preSolution
		HideSolutionNode = FALSE
	EndGlobalSection
	GlobalSection(ExtensibilityGlobals) = postSolution
		SolutionGuid = {F21AD913-38A8-4BF6-9969-C2764284F3FD}
	EndGlobalSection
EndGlobal
